{"format_version":"1.2","terraform_version":"1.5.7","planned_values":{"root_module":{"resources":[{"address":"local_file.example","mode":"managed","type":"local_file","name":"example","provider_name":"registry.terraform.io/hashicorp/local","schema_version":0,"values":{"content":"Hello, OPA!","content_base64":null,"directory_permission":"0777","file_permission":"0777","filename":"./hello.txt","sensitive_content":null,"source":null},"sensitive_values":{}}]}},"resource_changes":[{"address":"local_file.example","mode":"managed","type":"local_file","name":"example","provider_name":"registry.terraform.io/hashicorp/local","change":{"actions":["create"],"before":null,"after":{"content":"Hello, OPA!","content_base64":null,"directory_permission":"0777","file_permission":"0777","filename":"./hello.txt","sensitive_content":null,"source":null},"after_unknown":{"content_base64sha256":true,"content_base64sha512":true,"content_md5":true,"content_sha1":true,"content_sha256":true,"content_sha512":true,"id":true},"before_sensitive":false,"after_sensitive":{"sensitive_content":true}}}],"configuration":{"provider_config":{"local":{"name":"local","full_name":"registry.terraform.io/hashicorp/local"}},"root_module":{"resources":[{"address":"local_file.example","mode":"managed","type":"local_file","name":"example","provider_config_key":"local","expressions":{"content":{"constant_value":"Hello, OPA!"},"filename":{"references":["path.module"]}},"schema_version":0}]}},"timestamp":"2025-08-26T18:47:27Z"}
